# This file was autogenerated by Stack.
# You should not edit this file by hand.
# For more information, please see the documentation at:
#   https://docs.haskellstack.org/en/stable/lock_files

packages:
- completed:
    hackage: mu-protobuf-0.4.2.0@sha256:4787a2688abdda107e150736433b61448acdf0b71eb0c174232239b4c143f78b,2119
    pantry-tree:
      size: 640
      sha256: ad3ec2fa09fea08c1c7c5181db7ed4440c030cc6c9dbc708a9a58155c13ca8fa
  original:
    hackage: mu-protobuf-0.4.2.0@sha256:4787a2688abdda107e150736433b61448acdf0b71eb0c174232239b4c143f78b,2119
- completed:
    hackage: compendium-client-0.2.1.1@sha256:cd477438d507273b34b82581ade333921ae997c1618b48af0c1da2a4968623e0,1203
    pantry-tree:
      size: 181
      sha256: 18996ce535e40483ca2e29397e606aae551552608f96a6a8cc647ce24e24e937
  original:
    hackage: compendium-client-0.2.1.1@sha256:cd477438d507273b34b82581ade333921ae997c1618b48af0c1da2a4968623e0,1203
- completed:
    hackage: http2-grpc-proto3-wire-0.1.0.0@sha256:4f6c0d27048756155b82ebf7385a20cc8241c7bd854e96d1dd6a1827e75fa410,1504
    pantry-tree:
      size: 341
      sha256: d07d5bb883860e3bf928c00312df133a4c195c99bb397865bd67f433f75387b8
  original:
    hackage: http2-grpc-proto3-wire-0.1.0.0@sha256:4f6c0d27048756155b82ebf7385a20cc8241c7bd854e96d1dd6a1827e75fa410,1504
- completed:
    hackage: mu-rpc-0.5.0.1@sha256:6ff07f30d3d8283c71852cb1fa952c9e34a7108b619ec4a92619a96835912f88,1391
    pantry-tree:
      size: 445
      sha256: bce492cc34a5da696f53482020a216566c053e19091ec779a0b21e1899a74f13
  original:
    hackage: mu-rpc-0.5.0.1@sha256:6ff07f30d3d8283c71852cb1fa952c9e34a7108b619ec4a92619a96835912f88,1391
- completed:
    hackage: http2-grpc-types-0.5.0.0@sha256:4d34edc06a48496130f19245817a7cd7ea15c78ac8815570c3795ffc4503cf27,1445
    pantry-tree:
      size: 405
      sha256: 3a1a94b87acd230b2f750f0077dc47177f37e46a2984b5764390207a83c4d5e4
  original:
    hackage: http2-grpc-types-0.5.0.0@sha256:4d34edc06a48496130f19245817a7cd7ea15c78ac8815570c3795ffc4503cf27,1445
- completed:
    size: 294558
    subdir: core/schema
    url: https://github.com/higherkindness/mu-haskell/archive/6a5ae74d07d2b2183ccbacf2846983928a5547f6.tar.gz
    name: mu-schema
    version: 0.3.1.2
    sha256: b28348335ffe748a5306e55cbbae97e48e12e2c4b1d44b080719f4a2d5271e6d
    pantry-tree:
      size: 1107
      sha256: 737d2c6fbb030e9b05e938d6022a73f0e781f6d52572b37ec4a74e2d67002e86
  original:
    subdir: core/schema
    url: https://github.com/higherkindness/mu-haskell/archive/6a5ae74d07d2b2183ccbacf2846983928a5547f6.tar.gz
snapshots:
- completed:
    size: 567241
    url: https://raw.githubusercontent.com/commercialhaskell/stackage-snapshots/master/lts/17/10.yaml
    sha256: 321b3b9f0c7f76994b39e0dabafdc76478274b4ff74cc5e43d410897a335ad3b
  original: lts-17.10
